
Microsoft Visual Studio Solution File, Format Version 12.00
# Visual Studio Version 17
VisualStudioVersion = 17.8.34525.116
MinimumVisualStudioVersion = 10.0.40219.1
Project("{FAE04EC0-301F-11D3-BF4B-00C04F79EFBC}") = "Exam.API", "Exam.API\Exam.API.csproj", "{D1AB6633-1EA3-4953-8150-AF34A1FB7946}"
EndProject
Project("{FAE04EC0-301F-11D3-BF4B-00C04F79EFBC}") = "Exam.DAL", "Exam.DAL\Exam.DAL.csproj", "{556DA2F8-5E4E-4F8E-9F71-CF698B549849}"
EndProject
Project("{FAE04EC0-301F-11D3-BF4B-00C04F79EFBC}") = "Exam.BLL", "Exam.BLL\Exam.BLL.csproj", "{2FE355DA-CEA2-4FCF-99F5-8E305DDA89D5}"
EndProject
Global
	GlobalSection(SolutionConfigurationPlatforms) = preSolution
		Debug|Any CPU = Debug|Any CPU
		Release|Any CPU = Release|Any CPU
	EndGlobalSection
	GlobalSection(ProjectConfigurationPlatforms) = postSolution
		{D1AB6633-1EA3-4953-8150-AF34A1FB7946}.Debug|Any CPU.ActiveCfg = Debug|Any CPU
		{D1AB6633-1EA3-4953-8150-AF34A1FB7946}.Debug|Any CPU.Build.0 = Debug|Any CPU
		{D1AB6633-1EA3-4953-8150-AF34A1FB7946}.Release|Any CPU.ActiveCfg = Release|Any CPU
		{D1AB6633-1EA3-4953-8150-AF34A1FB7946}.Release|Any CPU.Build.0 = Release|Any CPU
		{556DA2F8-5E4E-4F8E-9F71-CF698B549849}.Debug|Any CPU.ActiveCfg = Debug|Any CPU
		{556DA2F8-5E4E-4F8E-9F71-CF698B549849}.Debug|Any CPU.Build.0 = Debug|Any CPU
		{556DA2F8-5E4E-4F8E-9F71-CF698B549849}.Release|Any CPU.ActiveCfg = Release|Any CPU
		{556DA2F8-5E4E-4F8E-9F71-CF698B549849}.Release|Any CPU.Build.0 = Release|Any CPU
		{2FE355DA-CEA2-4FCF-99F5-8E305DDA89D5}.Debug|Any CPU.ActiveCfg = Debug|Any CPU
		{2FE355DA-CEA2-4FCF-99F5-8E305DDA89D5}.Debug|Any CPU.Build.0 = Debug|Any CPU
		{2FE355DA-CEA2-4FCF-99F5-8E305DDA89D5}.Release|Any CPU.ActiveCfg = Release|Any CPU
		{2FE355DA-CEA2-4FCF-99F5-8E305DDA89D5}.Release|Any CPU.Build.0 = Release|Any CPU
	EndGlobalSection
	GlobalSection(SolutionProperties) = preSolution
		HideSolutionNode = FALSE
	EndGlobalSection
	GlobalSection(ExtensibilityGlobals) = postSolution
		SolutionGuid = {548AE755-CDBE-4315-BA31-482B66E21221}
	EndGlobalSection
EndGlobal
